
Microsoft Visual Studio Solution File, Format Version 11.00
# Visual Studio 2010
Project("{FAE04EC0-301F-11D3-BF4B-00C04F79EFBC}") = "Assembly-CSharp", "Assembly-CSharp.csproj", "{c4275d6a-cd28-bc77-2737-0ee131923c83}"
EndProject
Project("{FAE04EC0-301F-11D3-BF4B-00C04F79EFBC}") = "Sirenix.OdinInspector.CompatibilityLayer", "Sirenix.OdinInspector.CompatibilityLayer.csproj", "{6cd4b0ed-5d4f-6597-d6b3-b9937c24013a}"
EndProject
Project("{FAE04EC0-301F-11D3-BF4B-00C04F79EFBC}") = "Sirenix.OdinInspector.CompatibilityLayer.Editor", "Sirenix.OdinInspector.CompatibilityLayer.Editor.csproj", "{db47e9c7-71b1-e933-ecbb-7a30bc79587f}"
EndProject
Project("{FAE04EC0-301F-11D3-BF4B-00C04F79EFBC}") = "Sirenix.OdinInspector.Modules.UnityMathematics", "Sirenix.OdinInspector.Modules.UnityMathematics.csproj", "{fecab091-96cf-642a-c69c-a56cbfe52b7b}"
EndProject
Project("{FAE04EC0-301F-11D3-BF4B-00C04F79EFBC}") = "Assembly-CSharp-Editor", "Assembly-CSharp-Editor.csproj", "{a0170722-a385-16cb-7550-02055407b81d}"
EndProject
Global
	GlobalSection(SolutionConfigurationPlatforms) = preSolution
		Debug|Any CPU = Debug|Any CPU
	EndGlobalSection
	GlobalSection(ProjectConfigurationPlatforms) = postSolution
		{c4275d6a-cd28-bc77-2737-0ee131923c83}.Debug|Any CPU.ActiveCfg = Debug|Any CPU
		{c4275d6a-cd28-bc77-2737-0ee131923c83}.Debug|Any CPU.Build.0 = Debug|Any CPU
		{6cd4b0ed-5d4f-6597-d6b3-b9937c24013a}.Debug|Any CPU.ActiveCfg = Debug|Any CPU
		{6cd4b0ed-5d4f-6597-d6b3-b9937c24013a}.Debug|Any CPU.Build.0 = Debug|Any CPU
		{db47e9c7-71b1-e933-ecbb-7a30bc79587f}.Debug|Any CPU.ActiveCfg = Debug|Any CPU
		{db47e9c7-71b1-e933-ecbb-7a30bc79587f}.Debug|Any CPU.Build.0 = Debug|Any CPU
		{fecab091-96cf-642a-c69c-a56cbfe52b7b}.Debug|Any CPU.ActiveCfg = Debug|Any CPU
		{fecab091-96cf-642a-c69c-a56cbfe52b7b}.Debug|Any CPU.Build.0 = Debug|Any CPU
		{a0170722-a385-16cb-7550-02055407b81d}.Debug|Any CPU.ActiveCfg = Debug|Any CPU
		{a0170722-a385-16cb-7550-02055407b81d}.Debug|Any CPU.Build.0 = Debug|Any CPU
	EndGlobalSection
	GlobalSection(SolutionProperties) = preSolution
		HideSolutionNode = FALSE
	EndGlobalSection
EndGlobal
